
Microsoft Visual Studio Solution File, Format Version 12.00
# Visual Studio 2012
Project("{FAE04EC0-301F-11D3-BF4B-00C04F79EFBC}") = "BarFactoryBloombergTest", "BarFactoryBloombergTest\BarFactoryBloombergTest.csproj", "{3EBAA7F5-057B-43E7-85E9-350D72C1C3F1}"
EndProject
Project("{FAE04EC0-301F-11D3-BF4B-00C04F79EFBC}") = "BloombergRTDataHandler", "..\BloombergRTDataHandler\BloombergRTDataHandler\BloombergRTDataHandler.csproj", "{C42BE1F2-D645-4C88-8EDA-ADB4F8C68830}"
EndProject
Project("{FAE04EC0-301F-11D3-BF4B-00C04F79EFBC}") = "TickData", "TickData\TickData.csproj", "{C0781034-D9C9-465D-A8EA-D3F04C9ABDAA}"
EndProject
Project("{FAE04EC0-301F-11D3-BF4B-00C04F79EFBC}") = "MarketState", "MarketState\MarketState.csproj", "{F7514301-57E1-4592-B21F-CFF661407CB3}"
EndProject
Project("{FAE04EC0-301F-11D3-BF4B-00C04F79EFBC}") = "Security", "Security\Security.csproj", "{3F35BCB9-65A9-42A7-8362-49F38B5D5FCE}"
EndProject
Project("{FAE04EC0-301F-11D3-BF4B-00C04F79EFBC}") = "MarketAggregator", "MarketAggregator\MarketAggregator.csproj", "{0863D8D7-8A34-4DC1-8FEC-90CA71FB1E6F}"
EndProject
Project("{FAE04EC0-301F-11D3-BF4B-00C04F79EFBC}") = "DataFactory", "DataFactory\DataFactory.csproj", "{BC2FF2E7-14E4-4D0D-A3A5-BC04604EA250}"
EndProject
Project("{FAE04EC0-301F-11D3-BF4B-00C04F79EFBC}") = "QRDataSource", "..\QRDataSource\QRDataSource\QRDataSource.csproj", "{A7195048-DCF1-48BD-BC71-73D1D988E4E6}"
EndProject
Project("{FAE04EC0-301F-11D3-BF4B-00C04F79EFBC}") = "HistoricalDataHandler", "HistoricalDataHandler\HistoricalDataHandler.csproj", "{7831CECB-889B-4EFE-80E5-6D3D0AB36804}"
EndProject
Project("{FAE04EC0-301F-11D3-BF4B-00C04F79EFBC}") = "BloombergHistoricalDataHandler", "BloombergHistoricalDataHandler\BloombergHistoricalDataHandler.csproj", "{64BC7D1B-88A7-449E-865C-CCAFCF60A486}"
EndProject
Global
	GlobalSection(SolutionConfigurationPlatforms) = preSolution
		Debug|Any CPU = Debug|Any CPU
		Release|Any CPU = Release|Any CPU
	EndGlobalSection
	GlobalSection(ProjectConfigurationPlatforms) = postSolution
		{3EBAA7F5-057B-43E7-85E9-350D72C1C3F1}.Debug|Any CPU.ActiveCfg = Debug|Any CPU
		{3EBAA7F5-057B-43E7-85E9-350D72C1C3F1}.Debug|Any CPU.Build.0 = Debug|Any CPU
		{3EBAA7F5-057B-43E7-85E9-350D72C1C3F1}.Release|Any CPU.ActiveCfg = Release|Any CPU
		{3EBAA7F5-057B-43E7-85E9-350D72C1C3F1}.Release|Any CPU.Build.0 = Release|Any CPU
		{C42BE1F2-D645-4C88-8EDA-ADB4F8C68830}.Debug|Any CPU.ActiveCfg = Debug|Any CPU
		{C42BE1F2-D645-4C88-8EDA-ADB4F8C68830}.Debug|Any CPU.Build.0 = Debug|Any CPU
		{C42BE1F2-D645-4C88-8EDA-ADB4F8C68830}.Release|Any CPU.ActiveCfg = Release|Any CPU
		{C42BE1F2-D645-4C88-8EDA-ADB4F8C68830}.Release|Any CPU.Build.0 = Release|Any CPU
		{C0781034-D9C9-465D-A8EA-D3F04C9ABDAA}.Debug|Any CPU.ActiveCfg = Debug|Any CPU
		{C0781034-D9C9-465D-A8EA-D3F04C9ABDAA}.Debug|Any CPU.Build.0 = Debug|Any CPU
		{C0781034-D9C9-465D-A8EA-D3F04C9ABDAA}.Release|Any CPU.ActiveCfg = Release|Any CPU
		{C0781034-D9C9-465D-A8EA-D3F04C9ABDAA}.Release|Any CPU.Build.0 = Release|Any CPU
		{F7514301-57E1-4592-B21F-CFF661407CB3}.Debug|Any CPU.ActiveCfg = Debug|Any CPU
		{F7514301-57E1-4592-B21F-CFF661407CB3}.Debug|Any CPU.Build.0 = Debug|Any CPU
		{F7514301-57E1-4592-B21F-CFF661407CB3}.Release|Any CPU.ActiveCfg = Release|Any CPU
		{F7514301-57E1-4592-B21F-CFF661407CB3}.Release|Any CPU.Build.0 = Release|Any CPU
		{3F35BCB9-65A9-42A7-8362-49F38B5D5FCE}.Debug|Any CPU.ActiveCfg = Debug|Any CPU
		{3F35BCB9-65A9-42A7-8362-49F38B5D5FCE}.Debug|Any CPU.Build.0 = Debug|Any CPU
		{3F35BCB9-65A9-42A7-8362-49F38B5D5FCE}.Release|Any CPU.ActiveCfg = Release|Any CPU
		{3F35BCB9-65A9-42A7-8362-49F38B5D5FCE}.Release|Any CPU.Build.0 = Release|Any CPU
		{0863D8D7-8A34-4DC1-8FEC-90CA71FB1E6F}.Debug|Any CPU.ActiveCfg = Debug|Any CPU
		{0863D8D7-8A34-4DC1-8FEC-90CA71FB1E6F}.Debug|Any CPU.Build.0 = Debug|Any CPU
		{0863D8D7-8A34-4DC1-8FEC-90CA71FB1E6F}.Release|Any CPU.ActiveCfg = Release|Any CPU
		{0863D8D7-8A34-4DC1-8FEC-90CA71FB1E6F}.Release|Any CPU.Build.0 = Release|Any CPU
		{BC2FF2E7-14E4-4D0D-A3A5-BC04604EA250}.Debug|Any CPU.ActiveCfg = Debug|Any CPU
		{BC2FF2E7-14E4-4D0D-A3A5-BC04604EA250}.Debug|Any CPU.Build.0 = Debug|Any CPU
		{BC2FF2E7-14E4-4D0D-A3A5-BC04604EA250}.Release|Any CPU.ActiveCfg = Release|Any CPU
		{BC2FF2E7-14E4-4D0D-A3A5-BC04604EA250}.Release|Any CPU.Build.0 = Release|Any CPU
		{A7195048-DCF1-48BD-BC71-73D1D988E4E6}.Debug|Any CPU.ActiveCfg = Debug|Any CPU
		{A7195048-DCF1-48BD-BC71-73D1D988E4E6}.Debug|Any CPU.Build.0 = Debug|Any CPU
		{A7195048-DCF1-48BD-BC71-73D1D988E4E6}.Release|Any CPU.ActiveCfg = Release|Any CPU
		{A7195048-DCF1-48BD-BC71-73D1D988E4E6}.Release|Any CPU.Build.0 = Release|Any CPU
		{7831CECB-889B-4EFE-80E5-6D3D0AB36804}.Debug|Any CPU.ActiveCfg = Debug|Any CPU
		{7831CECB-889B-4EFE-80E5-6D3D0AB36804}.Debug|Any CPU.Build.0 = Debug|Any CPU
		{7831CECB-889B-4EFE-80E5-6D3D0AB36804}.Release|Any CPU.ActiveCfg = Release|Any CPU
		{7831CECB-889B-4EFE-80E5-6D3D0AB36804}.Release|Any CPU.Build.0 = Release|Any CPU
		{64BC7D1B-88A7-449E-865C-CCAFCF60A486}.Debug|Any CPU.ActiveCfg = Debug|Any CPU
		{64BC7D1B-88A7-449E-865C-CCAFCF60A486}.Debug|Any CPU.Build.0 = Debug|Any CPU
		{64BC7D1B-88A7-449E-865C-CCAFCF60A486}.Release|Any CPU.ActiveCfg = Release|Any CPU
		{64BC7D1B-88A7-449E-865C-CCAFCF60A486}.Release|Any CPU.Build.0 = Release|Any CPU
	EndGlobalSection
	GlobalSection(SolutionProperties) = preSolution
		HideSolutionNode = FALSE
	EndGlobalSection
EndGlobal
